{
  "version": 4,
  "terraform_version": "1.10.1",
  "serial": 1,
  "lineage": "87e2dd25-37b3-5e8c-ecb6-7f599babe68e",
  "outputs": {},
  "resources": [
    {
      "mode": "managed",
      "type": "spotify_playlist",
      "name": "miniproject",
      "provider": "provider[\"registry.terraform.io/conradludgate/spotify\"]",
      "instances": [
        {
          "schema_version": 0,
          "attributes": {
            "description": null,
            "id": "2QHqOQgD9O7SpHAEHxQnMg",
            "name": "miniproject",
            "public": true,
            "snapshot_id": "AAAAAhNB+RpznXrpNAJziBvd+hVD/Puy",
            "tracks": [
              "5JdeSgIBqpdoC3RudqPkCu"
            ]
          },
          "sensitive_attributes": [],
          "private": "bnVsbA=="
        }
      ]
    }
  ],
  "check_results": null
} 
